
Microsoft Visual Studio Solution File, Format Version 12.00
# Visual Studio 15
VisualStudioVersion = 15.0.27130.2010
MinimumVisualStudioVersion = 10.0.40219.1
Project("{FAE04EC0-301F-11D3-BF4B-00C04F79EFBC}") = "Enrollment_campaign_ns", "WebApplication1\Enrollment_campaign_ns.csproj", "{9A7F5D9E-DC57-4B0B-83CB-CD02FB43142B}"
EndProject
Global
	GlobalSection(SolutionConfigurationPlatforms) = preSolution
		Debug|Any CPU = Debug|Any CPU
		Release|Any CPU = Release|Any CPU
	EndGlobalSection
	GlobalSection(ProjectConfigurationPlatforms) = postSolution
		{9A7F5D9E-DC57-4B0B-83CB-CD02FB43142B}.Debug|Any CPU.ActiveCfg = Debug|Any CPU
		{9A7F5D9E-DC57-4B0B-83CB-CD02FB43142B}.Debug|Any CPU.Build.0 = Debug|Any CPU
		{9A7F5D9E-DC57-4B0B-83CB-CD02FB43142B}.Release|Any CPU.ActiveCfg = Release|Any CPU
		{9A7F5D9E-DC57-4B0B-83CB-CD02FB43142B}.Release|Any CPU.Build.0 = Release|Any CPU
	EndGlobalSection
	GlobalSection(SolutionProperties) = preSolution
		HideSolutionNode = FALSE
	EndGlobalSection
	GlobalSection(ExtensibilityGlobals) = postSolution
		SolutionGuid = {D12F7837-EDAB-4FD0-AA9D-5A0B6ED91E71}
	EndGlobalSection
EndGlobal
